
Microsoft Visual Studio Solution File, Format Version 12.00
# Visual Studio 15
VisualStudioVersion = 15.0.27130.2027
MinimumVisualStudioVersion = 10.0.40219.1
Project("{9A19103F-16F7-4668-BE54-9A1E7A4F7556}") = "TriangleTest", "TriangleTest\TriangleTest.csproj", "{9252CE54-34BE-49D3-BA6D-7796619FEE31}"
EndProject
Project("{9A19103F-16F7-4668-BE54-9A1E7A4F7556}") = "TriangleTestingProject", "TriangleTestingProject\TriangleTestingProject.csproj", "{8D63E340-1810-4B03-8662-3BD3CE7B8414}"
EndProject
Global
	GlobalSection(Performance) = preSolution
		HasPerformanceSessions = true
	EndGlobalSection
	GlobalSection(SolutionConfigurationPlatforms) = preSolution
		Debug|Any CPU = Debug|Any CPU
		Release|Any CPU = Release|Any CPU
	EndGlobalSection
	GlobalSection(ProjectConfigurationPlatforms) = postSolution
		{9252CE54-34BE-49D3-BA6D-7796619FEE31}.Debug|Any CPU.ActiveCfg = Debug|Any CPU
		{9252CE54-34BE-49D3-BA6D-7796619FEE31}.Debug|Any CPU.Build.0 = Debug|Any CPU
		{9252CE54-34BE-49D3-BA6D-7796619FEE31}.Release|Any CPU.ActiveCfg = Release|Any CPU
		{9252CE54-34BE-49D3-BA6D-7796619FEE31}.Release|Any CPU.Build.0 = Release|Any CPU
		{8D63E340-1810-4B03-8662-3BD3CE7B8414}.Debug|Any CPU.ActiveCfg = Debug|Any CPU
		{8D63E340-1810-4B03-8662-3BD3CE7B8414}.Debug|Any CPU.Build.0 = Debug|Any CPU
		{8D63E340-1810-4B03-8662-3BD3CE7B8414}.Release|Any CPU.ActiveCfg = Release|Any CPU
		{8D63E340-1810-4B03-8662-3BD3CE7B8414}.Release|Any CPU.Build.0 = Release|Any CPU
	EndGlobalSection
	GlobalSection(SolutionProperties) = preSolution
		HideSolutionNode = FALSE
	EndGlobalSection
	GlobalSection(ExtensibilityGlobals) = postSolution
		SolutionGuid = {2CA84BCF-68DB-4520-BE36-2996329FAA06}
	EndGlobalSection
	GlobalSection(Performance) = preSolution
		HasPerformanceSessions = true
	EndGlobalSection
	GlobalSection(Performance) = preSolution
		HasPerformanceSessions = true
	EndGlobalSection
	GlobalSection(Performance) = preSolution
		HasPerformanceSessions = true
	EndGlobalSection
	GlobalSection(Performance) = preSolution
		HasPerformanceSessions = true
	EndGlobalSection
EndGlobal
